// !$*UTF8*$!
{
	archiveVersion = 1;
	classes = {
	};
	objectVersion = 46;
	objects = {

/* Begin PBXBuildFile section */
		542590491E82263500C077F8 /* AppDelegate.swift in Sources */ = {isa = PBXBuildFile; fileRef = 542590481E82263500C077F8 /* AppDelegate.swift */; };
		5425904B1E82263500C077F8 /* ViewController.swift in Sources */ = {isa = PBXBuildFile; fileRef = 5425904A1E82263500C077F8 /* ViewController.swift */; };
		5425904E1E82263500C077F8 /* Main.storyboard in Resources */ = {isa = PBXBuildFile; fileRef = 5425904C1E82263500C077F8 /* Main.storyboard */; };
		542590501E82263500C077F8 /* Assets.xcassets in Resources */ = {isa = PBXBuildFile; fileRef = 5425904F1E82263500C077F8 /* Assets.xcassets */; };
		542590531E82263500C077F8 /* LaunchScreen.storyboard in Resources */ = {isa = PBXBuildFile; fileRef = 542590511E82263500C077F8 /* LaunchScreen.storyboard */; };
		5425905B1E822C5300C077F8 /* PushButtonView.swift in Sources */ = {isa = PBXBuildFile; fileRef = 5425905A1E822C5300C077F8 /* PushButtonView.swift */; };
		5425905D1E8282E700C077F8 /* CounterView.swift in Sources */ = {isa = PBXBuildFile; fileRef = 5425905C1E8282E700C077F8 /* CounterView.swift */; };
		6F999F231E842D3700D2490A /* GraphView.swift in Sources */ = {isa = PBXBuildFile; fileRef = 6F999F221E842D3600D2490A /* GraphView.swift */; };
		6F999F251E86309300D2490A /* BackgroundView.swift in Sources */ = {isa = PBXBuildFile; fileRef = 6F999F241E86309300D2490A /* BackgroundView.swift */; };
		6FEE5F8E1E86DD5E002CFCF1 /* MedalView.swift in Sources */ = {isa = PBXBuildFile; fileRef = 6FEE5F8D1E86DD5E002CFCF1 /* MedalView.swift */; };
/* End PBXBuildFile section */

/* Begin PBXFileReference section */
		542590451E82263500C077F8 /* CoreGraphicsRaywenderlich.app */ = {isa = PBXFileReference; explicitFileType = wrapper.application; includeInIndex = 0; path = CoreGraphicsRaywenderlich.app; sourceTree = BUILT_PRODUCTS_DIR; };
		542590481E82263500C077F8 /* AppDelegate.swift */ = {isa = PBXFileReference; lastKnownFileType = sourcecode.swift; path = AppDelegate.swift; sourceTree = "<group>"; };
		5425904A1E82263500C077F8 /* ViewController.swift */ = {isa = PBXFileReference; lastKnownFileType = sourcecode.swift; path = ViewController.swift; sourceTree = "<group>"; };
		5425904D1E82263500C077F8 /* Base */ = {isa = PBXFileReference; lastKnownFileType = file.storyboard; name = Base; path = Base.lproj/Main.storyboard; sourceTree = "<group>"; };
		5425904F1E82263500C077F8 /* Assets.xcassets */ = {isa = PBXFileReference; lastKnownFileType = folder.assetcatalog; path = Assets.xcassets; sourceTree = "<group>"; };
		542590521E82263500C077F8 /* Base */ = {isa = PBXFileReference; lastKnownFileType = file.storyboard; name = Base; path = Base.lproj/LaunchScreen.storyboard; sourceTree = "<group>"; };
		542590541E82263500C077F8 /* Info.plist */ = {isa = PBXFileReference; lastKnownFileType = text.plist.xml; path = Info.plist; sourceTree = "<group>"; };
		5425905A1E822C5300C077F8 /* PushButtonView.swift */ = {isa = PBXFileReference; fileEncoding = 4; lastKnownFileType = sourcecode.swift; path = PushButtonView.swift; sourceTree = "<group>"; };
		5425905C1E8282E700C077F8 /* CounterView.swift */ = {isa = PBXFileReference; fileEncoding = 4; lastKnownFileType = sourcecode.swift; path = CounterView.swift; sourceTree = "<group>"; };
		6F999F221E842D3600D2490A /* GraphView.swift */ = {isa = PBXFileReference; fileEncoding = 4; lastKnownFileType = sourcecode.swift; path = GraphView.swift; sourceTree = "<group>"; };
		6F999F241E86309300D2490A /* BackgroundView.swift */ = {isa = PBXFileReference; fileEncoding = 4; lastKnownFileType = sourcecode.swift; path = BackgroundView.swift; sourceTree = "<group>"; };
		6FEE5F8D1E86DD5E002CFCF1 /* MedalView.swift */ = {isa = PBXFileReference; fileEncoding = 4; lastKnownFileType = sourcecode.swift; path = MedalView.swift; sourceTree = "<group>"; };
/* End PBXFileReference section */

/* Begin PBXFrameworksBuildPhase section */
		542590421E82263500C077F8 /* Frameworks */ = {
			isa = PBXFrameworksBuildPhase;
			buildActionMask = 2147483647;
			files = (
			);
			runOnlyForDeploymentPostprocessing = 0;
		};
/* End PBXFrameworksBuildPhase section */

/* Begin PBXGroup section */
		5425903C1E82263500C077F8 = {
			isa = PBXGroup;
			children = (
				542590471E82263500C077F8 /* CoreGraphicsRaywenderlich */,
				542590461E82263500C077F8 /* Products */,
			);
			sourceTree = "<group>";
		};
		542590461E82263500C077F8 /* Products */ = {
			isa = PBXGroup;
			children = (
				542590451E82263500C077F8 /* CoreGraphicsRaywenderlich.app */,
			);
			name = Products;
			sourceTree = "<group>";
		};
		542590471E82263500C077F8 /* CoreGraphicsRaywenderlich */ = {
			isa = PBXGroup;
			children = (
				542590481E82263500C077F8 /* AppDelegate.swift */,
				5425904A1E82263500C077F8 /* ViewController.swift */,
				5425904C1E82263500C077F8 /* Main.storyboard */,
				5425904F1E82263500C077F8 /* Assets.xcassets */,
				542590511E82263500C077F8 /* LaunchScreen.storyboard */,
				542590541E82263500C077F8 /* Info.plist */,
				5425905A1E822C5300C077F8 /* PushButtonView.swift */,
				5425905C1E8282E700C077F8 /* CounterView.swift */,
				6F999F221E842D3600D2490A /* GraphView.swift */,
				6F999F241E86309300D2490A /* BackgroundView.swift */,
				6FEE5F8D1E86DD5E002CFCF1 /* MedalView.swift */,
			);
			path = CoreGraphicsRaywenderlich;
			sourceTree = "<group>";
		};
/* End PBXGroup section */

/* Begin PBXNativeTarget section */
		542590441E82263500C077F8 /* CoreGraphicsRaywenderlich */ = {
			isa = PBXNativeTarget;
			buildConfigurationList = 542590571E82263500C077F8 /* Build configuration list for PBXNativeTarget "CoreGraphicsRaywenderlich" */;
			buildPhases = (
				542590411E82263500C077F8 /* Sources */,
				542590421E82263500C077F8 /* Frameworks */,
				542590431E82263500C077F8 /* Resources */,
			);
			buildRules = (
			);
			dependencies = (
			);
			name = CoreGraphicsRaywenderlich;
			productName = CoreGraphicsRaywenderlich;
			productReference = 542590451E82263500C077F8 /* CoreGraphicsRaywenderlich.app */;
			productType = "com.apple.product-type.application";
		};
/* End PBXNativeTarget section */

/* Begin PBXProject section */
		5425903D1E82263500C077F8 /* Project object */ = {
			isa = PBXProject;
			attributes = {
				LastSwiftUpdateCheck = 0820;
				LastUpgradeCheck = 0820;
				ORGANIZATIONNAME = "Pluto-y";
				TargetAttributes = {
					542590441E82263500C077F8 = {
						CreatedOnToolsVersion = 8.2.1;
						ProvisioningStyle = Automatic;
					};
				};
			};
			buildConfigurationList = 542590401E82263500C077F8 /* Build configuration list for PBXProject "CoreGraphicsRaywenderlich" */;
			compatibilityVersion = "Xcode 3.2";
			developmentRegion = English;
			hasScannedForEncodings = 0;
			knownRegions = (
				en,
				Base,
			);
			mainGroup = 5425903C1E82263500C077F8;
			productRefGroup = 542590461E82263500C077F8 /* Products */;
			projectDirPath = "";
			projectRoot = "";
			targets = (
				542590441E82263500C077F8 /* CoreGraphicsRaywenderlich */,
			);
		};
/* End PBXProject section */

/* Begin PBXResourcesBuildPhase section */
		542590431E82263500C077F8 /* Resources */ = {
			isa = PBXResourcesBuildPhase;
			buildActionMask = 2147483647;
			files = (
				542590531E82263500C077F8 /* LaunchScreen.storyboard in Resources */,
				542590501E82263500C077F8 /* Assets.xcassets in Resources */,
				5425904E1E82263500C077F8 /* Main.storyboard in Resources */,
			);
			runOnlyForDeploymentPostprocessing = 0;
		};
/* End PBXResourcesBuildPhase section */

/* Begin PBXSourcesBuildPhase section */
		542590411E82263500C077F8 /* Sources */ = {
			isa = PBXSourcesBuildPhase;
			buildActionMask = 2147483647;
			files = (
				6F999F251E86309300D2490A /* BackgroundView.swift in Sources */,
				6F999F231E842D3700D2490A /* GraphView.swift in Sources */,
				6FEE5F8E1E86DD5E002CFCF1 /* MedalView.swift in Sources */,
				5425904B1E82263500C077F8 /* ViewController.swift in Sources */,
				5425905B1E822C5300C077F8 /* PushButtonView.swift in Sources */,
				542590491E82263500C077F8 /* AppDelegate.swift in Sources */,
				5425905D1E8282E700C077F8 /* CounterView.swift in Sources */,
			);
			runOnlyForDeploymentPostprocessing = 0;
		};
/* End PBXSourcesBuildPhase section */

/* Begin PBXVariantGroup section */
		5425904C1E82263500C077F8 /* Main.storyboard */ = {
			isa = PBXVariantGroup;
			children = (
				5425904D1E82263500C077F8 /* Base */,
			);
			name = Main.storyboard;
			sourceTree = "<group>";
		};
		542590511E82263500C077F8 /* LaunchScreen.storyboard */ = {
			isa = PBXVariantGroup;
			children = (
				542590521E82263500C077F8 /* Base */,
			);
			name = LaunchScreen.storyboard;
			sourceTree = "<group>";
		};
/* End PBXVariantGroup section */

/* Begin XCBuildConfiguration section */
		542590551E82263500C077F8 /* Debug */ = {
			isa = XCBuildConfiguration;
			buildSettings = {
				ALWAYS_SEARCH_USER_PATHS = NO;
				CLANG_ANALYZER_NONNULL = YES;
				CLANG_CXX_LANGUAGE_STANDARD = "gnu++0x";
				CLANG_CXX_LIBRARY = "libc++";
				CLANG_ENABLE_MODULES = YES;
				CLANG_ENABLE_OBJC_ARC = YES;
				CLANG_WARN_BOOL_CONVERSION = YES;
				CLANG_WARN_CONSTANT_CONVERSION = YES;
				CLANG_WARN_DIRECT_OBJC_ISA_USAGE = YES_ERROR;
				CLANG_WARN_DOCUMENTATION_COMMENTS = YES;
				CLANG_WARN_EMPTY_BODY = YES;
				CLANG_WARN_ENUM_CONVERSION = YES;
				CLANG_WARN_INFINITE_RECURSION = YES;
				CLANG_WARN_INT_CONVERSION = YES;
				CLANG_WARN_OBJC_ROOT_CLASS = YES_ERROR;
				CLANG_WARN_SUSPICIOUS_MOVE = YES;
				CLANG_WARN_UNREACHABLE_CODE = YES;
				CLANG_WARN__DUPLICATE_METHOD_MATCH = YES;
				"CODE_SIGN_IDENTITY[sdk=iphoneos*]" = "iPhone Developer";
				COPY_PHASE_STRIP = NO;
				DEBUG_INFORMATION_FORMAT = dwarf;
				ENABLE_STRICT_OBJC_MSGSEND = YES;
				ENABLE_TESTABILITY = YES;
				GCC_C_LANGUAGE_STANDARD = gnu99;
				GCC_DYNAMIC_NO_PIC = NO;
				GCC_NO_COMMON_BLOCKS = YES;
				GCC_OPTIMIZATION_LEVEL = 0;
				GCC_PREPROCESSOR_DEFINITIONS = (
					"DEBUG=1",
					"$(inherited)",
				);
				GCC_WARN_64_TO_32_BIT_CONVERSION = YES;
				GCC_WARN_ABOUT_RETURN_TYPE = YES_ERROR;
				GCC_WARN_UNDECLARED_SELECTOR = YES;
				GCC_WARN_UNINITIALIZED_AUTOS = YES_AGGRESSIVE;
				GCC_WARN_UNUSED_FUNCTION = YES;
				GCC_WARN_UNUSED_VARIABLE = YES;
				IPHONEOS_DEPLOYMENT_TARGET = 10.2;
				MTL_ENABLE_DEBUG_INFO = YES;
				ONLY_ACTIVE_ARCH = YES;
				SDKROOT = iphoneos;
				SWIFT_ACTIVE_COMPILATION_CONDITIONS = DEBUG;
				SWIFT_OPTIMIZATION_LEVEL = "-Onone";
			};
			name = Debug;
		};
		542590561E82263500C077F8 /* Release */ = {
			isa = XCBuildConfiguration;
			buildSettings = {
				ALWAYS_SEARCH_USER_PATHS = NO;
				CLANG_ANALYZER_NONNULL = YES;
				CLANG_CXX_LANGUAGE_STANDARD = "gnu++0x";
				CLANG_CXX_LIBRARY = "libc++";
				CLANG_ENABLE_MODULES = YES;
				CLANG_ENABLE_OBJC_ARC = YES;
				CLANG_WARN_BOOL_CONVERSION = YES;
				CLANG_WARN_CONSTANT_CONVERSION = YES;
				CLANG_WARN_DIRECT_OBJC_ISA_USAGE = YES_ERROR;
				CLANG_WARN_DOCUMENTATION_COMMENTS = YES;
				CLANG_WARN_EMPTY_BODY = YES;
				CLANG_WARN_ENUM_CONVERSION = YES;
				CLANG_WARN_INFINITE_RECURSION = YES;
				CLANG_WARN_INT_CONVERSION = YES;
				CLANG_WARN_OBJC_ROOT_CLASS = YES_ERROR;
				CLANG_WARN_SUSPICIOUS_MOVE = YES;
				CLANG_WARN_UNREACHABLE_CODE = YES;
				CLANG_WARN__DUPLICATE_METHOD_MATCH = YES;
				"CODE_SIGN_IDENTITY[sdk=iphoneos*]" = "iPhone Developer";
				COPY_PHASE_STRIP = NO;
				DEBUG_INFORMATION_FORMAT = "dwarf-with-dsym";
				ENABLE_NS_ASSERTIONS = NO;
				ENABLE_STRICT_OBJC_MSGSEND = YES;
				GCC_C_LANGUAGE_STANDARD = gnu99;
				GCC_NO_COMMON_BLOCKS = YES;
				GCC_WARN_64_TO_32_BIT_CONVERSION = YES;
				GCC_WARN_ABOUT_RETURN_TYPE = YES_ERROR;
				GCC_WARN_UNDECLARED_SELECTOR = YES;
				GCC_WARN_UNINITIALIZED_AUTOS = YES_AGGRESSIVE;
				GCC_WARN_UNUSED_FUNCTION = YES;
				GCC_WARN_UNUSED_VARIABLE = YES;
				IPHONEOS_DEPLOYMENT_TARGET = 10.2;
				MTL_ENABLE_DEBUG_INFO = NO;
				SDKROOT = iphoneos;
				SWIFT_OPTIMIZATION_LEVEL = "-Owholemodule";
				VALIDATE_PRODUCT = YES;
			};
			name = Release;
		};
		542590581E82263500C077F8 /* Debug */ = {
			isa = XCBuildConfiguration;
			buildSettings = {
				ASSETCATALOG_COMPILER_APPICON_NAME = AppIcon;
				INFOPLIST_FILE = CoreGraphicsRaywenderlich/Info.plist;
				LD_RUNPATH_SEARCH_PATHS = "$(inherited) @executable_path/Frameworks";
				PRODUCT_BUNDLE_IDENTIFIER = "com.pluto-y.CoreGraphicsRaywenderlich";
				PRODUCT_NAME = "$(TARGET_NAME)";
				SWIFT_VERSION = 3.0;
			};
			name = Debug;
		};
		542590591E82263500C077F8 /* Release */ = {
			isa = XCBuildConfiguration;
			buildSettings = {
				ASSETCATALOG_COMPILER_APPICON_NAME = AppIcon;
				INFOPLIST_FILE = CoreGraphicsRaywenderlich/Info.plist;
				LD_RUNPATH_SEARCH_PATHS = "$(inherited) @executable_path/Frameworks";
				PRODUCT_BUNDLE_IDENTIFIER = "com.pluto-y.CoreGraphicsRaywenderlich";
				PRODUCT_NAME = "$(TARGET_NAME)";
				SWIFT_VERSION = 3.0;
			};
			name = Release;
		};
/* End XCBuildConfiguration section */

/* Begin XCConfigurationList section */
		542590401E82263500C077F8 /* Build configuration list for PBXProject "CoreGraphicsRaywenderlich" */ = {
			isa = XCConfigurationList;
			buildConfigurations = (
				542590551E82263500C077F8 /* Debug */,
				542590561E82263500C077F8 /* Release */,
			);
			defaultConfigurationIsVisible = 0;
			defaultConfigurationName = Release;
		};
		542590571E82263500C077F8 /* Build configuration list for PBXNativeTarget "CoreGraphicsRaywenderlich" */ = {
			isa = XCConfigurationList;
			buildConfigurations = (
				542590581E82263500C077F8 /* Debug */,
				542590591E82263500C077F8 /* Release */,
			);
			defaultConfigurationIsVisible = 0;
			defaultConfigurationName = Release;
		};
/* End XCConfigurationList section */
	};
	rootObject = 5425903D1E82263500C077F8 /* Project object */;
}
