// !$*UTF8*$!
{
	archiveVersion = 1;
	classes = {
	};
	objectVersion = 46;
	objects = {

/* Begin PBXBuildFile section */
		6FAD480A1E62A95600ECEB45 /* AppDelegate.swift in Sources */ = {isa = PBXBuildFile; fileRef = 6FAD48091E62A95600ECEB45 /* AppDelegate.swift */; };
		6FAD480C1E62A95600ECEB45 /* ViewController.swift in Sources */ = {isa = PBXBuildFile; fileRef = 6FAD480B1E62A95600ECEB45 /* ViewController.swift */; };
		6FAD480E1E62A95600ECEB45 /* Document.swift in Sources */ = {isa = PBXBuildFile; fileRef = 6FAD480D1E62A95600ECEB45 /* Document.swift */; };
		6FAD48101E62A95600ECEB45 /* Assets.xcassets in Resources */ = {isa = PBXBuildFile; fileRef = 6FAD480F1E62A95600ECEB45 /* Assets.xcassets */; };
		6FAD48131E62A95600ECEB45 /* Main.storyboard in Resources */ = {isa = PBXBuildFile; fileRef = 6FAD48111E62A95600ECEB45 /* Main.storyboard */; };
		6FAD481B1E62A97000ECEB45 /* Song.swift in Sources */ = {isa = PBXBuildFile; fileRef = 6FAD481A1E62A97000ECEB45 /* Song.swift */; };
/* End PBXBuildFile section */

/* Begin PBXFileReference section */
		6FAD48061E62A95600ECEB45 /* ArrayController.app */ = {isa = PBXFileReference; explicitFileType = wrapper.application; includeInIndex = 0; path = ArrayController.app; sourceTree = BUILT_PRODUCTS_DIR; };
		6FAD48091E62A95600ECEB45 /* AppDelegate.swift */ = {isa = PBXFileReference; lastKnownFileType = sourcecode.swift; path = AppDelegate.swift; sourceTree = "<group>"; };
		6FAD480B1E62A95600ECEB45 /* ViewController.swift */ = {isa = PBXFileReference; lastKnownFileType = sourcecode.swift; path = ViewController.swift; sourceTree = "<group>"; };
		6FAD480D1E62A95600ECEB45 /* Document.swift */ = {isa = PBXFileReference; lastKnownFileType = sourcecode.swift; path = Document.swift; sourceTree = "<group>"; };
		6FAD480F1E62A95600ECEB45 /* Assets.xcassets */ = {isa = PBXFileReference; lastKnownFileType = folder.assetcatalog; path = Assets.xcassets; sourceTree = "<group>"; };
		6FAD48121E62A95600ECEB45 /* Base */ = {isa = PBXFileReference; lastKnownFileType = file.storyboard; name = Base; path = Base.lproj/Main.storyboard; sourceTree = "<group>"; };
		6FAD48141E62A95600ECEB45 /* Info.plist */ = {isa = PBXFileReference; lastKnownFileType = text.plist.xml; path = Info.plist; sourceTree = "<group>"; };
		6FAD481A1E62A97000ECEB45 /* Song.swift */ = {isa = PBXFileReference; fileEncoding = 4; lastKnownFileType = sourcecode.swift; path = Song.swift; sourceTree = "<group>"; };
/* End PBXFileReference section */

/* Begin PBXFrameworksBuildPhase section */
		6FAD48031E62A95600ECEB45 /* Frameworks */ = {
			isa = PBXFrameworksBuildPhase;
			buildActionMask = 2147483647;
			files = (
			);
			runOnlyForDeploymentPostprocessing = 0;
		};
/* End PBXFrameworksBuildPhase section */

/* Begin PBXGroup section */
		6FAD47FD1E62A95600ECEB45 = {
			isa = PBXGroup;
			children = (
				6FAD48081E62A95600ECEB45 /* ArrayController */,
				6FAD48071E62A95600ECEB45 /* Products */,
			);
			sourceTree = "<group>";
		};
		6FAD48071E62A95600ECEB45 /* Products */ = {
			isa = PBXGroup;
			children = (
				6FAD48061E62A95600ECEB45 /* ArrayController.app */,
			);
			name = Products;
			sourceTree = "<group>";
		};
		6FAD48081E62A95600ECEB45 /* ArrayController */ = {
			isa = PBXGroup;
			children = (
				6FAD48091E62A95600ECEB45 /* AppDelegate.swift */,
				6FAD480B1E62A95600ECEB45 /* ViewController.swift */,
				6FAD480D1E62A95600ECEB45 /* Document.swift */,
				6FAD480F1E62A95600ECEB45 /* Assets.xcassets */,
				6FAD48111E62A95600ECEB45 /* Main.storyboard */,
				6FAD48141E62A95600ECEB45 /* Info.plist */,
				6FAD481A1E62A97000ECEB45 /* Song.swift */,
			);
			path = ArrayController;
			sourceTree = "<group>";
		};
/* End PBXGroup section */

/* Begin PBXNativeTarget section */
		6FAD48051E62A95600ECEB45 /* ArrayController */ = {
			isa = PBXNativeTarget;
			buildConfigurationList = 6FAD48171E62A95600ECEB45 /* Build configuration list for PBXNativeTarget "ArrayController" */;
			buildPhases = (
				6FAD48021E62A95600ECEB45 /* Sources */,
				6FAD48031E62A95600ECEB45 /* Frameworks */,
				6FAD48041E62A95600ECEB45 /* Resources */,
			);
			buildRules = (
			);
			dependencies = (
			);
			name = ArrayController;
			productName = ArrayController;
			productReference = 6FAD48061E62A95600ECEB45 /* ArrayController.app */;
			productType = "com.apple.product-type.application";
		};
/* End PBXNativeTarget section */

/* Begin PBXProject section */
		6FAD47FE1E62A95600ECEB45 /* Project object */ = {
			isa = PBXProject;
			attributes = {
				LastSwiftUpdateCheck = 0820;
				LastUpgradeCheck = 0820;
				ORGANIZATIONNAME = "com.pluto-y";
				TargetAttributes = {
					6FAD48051E62A95600ECEB45 = {
						CreatedOnToolsVersion = 8.2.1;
						ProvisioningStyle = Automatic;
					};
				};
			};
			buildConfigurationList = 6FAD48011E62A95600ECEB45 /* Build configuration list for PBXProject "ArrayController" */;
			compatibilityVersion = "Xcode 3.2";
			developmentRegion = English;
			hasScannedForEncodings = 0;
			knownRegions = (
				en,
				Base,
			);
			mainGroup = 6FAD47FD1E62A95600ECEB45;
			productRefGroup = 6FAD48071E62A95600ECEB45 /* Products */;
			projectDirPath = "";
			projectRoot = "";
			targets = (
				6FAD48051E62A95600ECEB45 /* ArrayController */,
			);
		};
/* End PBXProject section */

/* Begin PBXResourcesBuildPhase section */
		6FAD48041E62A95600ECEB45 /* Resources */ = {
			isa = PBXResourcesBuildPhase;
			buildActionMask = 2147483647;
			files = (
				6FAD48101E62A95600ECEB45 /* Assets.xcassets in Resources */,
				6FAD48131E62A95600ECEB45 /* Main.storyboard in Resources */,
			);
			runOnlyForDeploymentPostprocessing = 0;
		};
/* End PBXResourcesBuildPhase section */

/* Begin PBXSourcesBuildPhase section */
		6FAD48021E62A95600ECEB45 /* Sources */ = {
			isa = PBXSourcesBuildPhase;
			buildActionMask = 2147483647;
			files = (
				6FAD481B1E62A97000ECEB45 /* Song.swift in Sources */,
				6FAD480C1E62A95600ECEB45 /* ViewController.swift in Sources */,
				6FAD480A1E62A95600ECEB45 /* AppDelegate.swift in Sources */,
				6FAD480E1E62A95600ECEB45 /* Document.swift in Sources */,
			);
			runOnlyForDeploymentPostprocessing = 0;
		};
/* End PBXSourcesBuildPhase section */

/* Begin PBXVariantGroup section */
		6FAD48111E62A95600ECEB45 /* Main.storyboard */ = {
			isa = PBXVariantGroup;
			children = (
				6FAD48121E62A95600ECEB45 /* Base */,
			);
			name = Main.storyboard;
			sourceTree = "<group>";
		};
/* End PBXVariantGroup section */

/* Begin XCBuildConfiguration section */
		6FAD48151E62A95600ECEB45 /* Debug */ = {
			isa = XCBuildConfiguration;
			buildSettings = {
				ALWAYS_SEARCH_USER_PATHS = NO;
				CLANG_ANALYZER_NONNULL = YES;
				CLANG_CXX_LANGUAGE_STANDARD = "gnu++0x";
				CLANG_CXX_LIBRARY = "libc++";
				CLANG_ENABLE_MODULES = YES;
				CLANG_ENABLE_OBJC_ARC = YES;
				CLANG_WARN_BOOL_CONVERSION = YES;
				CLANG_WARN_CONSTANT_CONVERSION = YES;
				CLANG_WARN_DIRECT_OBJC_ISA_USAGE = YES_ERROR;
				CLANG_WARN_DOCUMENTATION_COMMENTS = YES;
				CLANG_WARN_EMPTY_BODY = YES;
				CLANG_WARN_ENUM_CONVERSION = YES;
				CLANG_WARN_INFINITE_RECURSION = YES;
				CLANG_WARN_INT_CONVERSION = YES;
				CLANG_WARN_OBJC_ROOT_CLASS = YES_ERROR;
				CLANG_WARN_SUSPICIOUS_MOVE = YES;
				CLANG_WARN_UNREACHABLE_CODE = YES;
				CLANG_WARN__DUPLICATE_METHOD_MATCH = YES;
				CODE_SIGN_IDENTITY = "-";
				COPY_PHASE_STRIP = NO;
				DEBUG_INFORMATION_FORMAT = dwarf;
				ENABLE_STRICT_OBJC_MSGSEND = YES;
				ENABLE_TESTABILITY = YES;
				GCC_C_LANGUAGE_STANDARD = gnu99;
				GCC_DYNAMIC_NO_PIC = NO;
				GCC_NO_COMMON_BLOCKS = YES;
				GCC_OPTIMIZATION_LEVEL = 0;
				GCC_PREPROCESSOR_DEFINITIONS = (
					"DEBUG=1",
					"$(inherited)",
				);
				GCC_WARN_64_TO_32_BIT_CONVERSION = YES;
				GCC_WARN_ABOUT_RETURN_TYPE = YES_ERROR;
				GCC_WARN_UNDECLARED_SELECTOR = YES;
				GCC_WARN_UNINITIALIZED_AUTOS = YES_AGGRESSIVE;
				GCC_WARN_UNUSED_FUNCTION = YES;
				GCC_WARN_UNUSED_VARIABLE = YES;
				MACOSX_DEPLOYMENT_TARGET = 10.12;
				MTL_ENABLE_DEBUG_INFO = YES;
				ONLY_ACTIVE_ARCH = YES;
				SDKROOT = macosx;
				SWIFT_ACTIVE_COMPILATION_CONDITIONS = DEBUG;
				SWIFT_OPTIMIZATION_LEVEL = "-Onone";
			};
			name = Debug;
		};
		6FAD48161E62A95600ECEB45 /* Release */ = {
			isa = XCBuildConfiguration;
			buildSettings = {
				ALWAYS_SEARCH_USER_PATHS = NO;
				CLANG_ANALYZER_NONNULL = YES;
				CLANG_CXX_LANGUAGE_STANDARD = "gnu++0x";
				CLANG_CXX_LIBRARY = "libc++";
				CLANG_ENABLE_MODULES = YES;
				CLANG_ENABLE_OBJC_ARC = YES;
				CLANG_WARN_BOOL_CONVERSION = YES;
				CLANG_WARN_CONSTANT_CONVERSION = YES;
				CLANG_WARN_DIRECT_OBJC_ISA_USAGE = YES_ERROR;
				CLANG_WARN_DOCUMENTATION_COMMENTS = YES;
				CLANG_WARN_EMPTY_BODY = YES;
				CLANG_WARN_ENUM_CONVERSION = YES;
				CLANG_WARN_INFINITE_RECURSION = YES;
				CLANG_WARN_INT_CONVERSION = YES;
				CLANG_WARN_OBJC_ROOT_CLASS = YES_ERROR;
				CLANG_WARN_SUSPICIOUS_MOVE = YES;
				CLANG_WARN_UNREACHABLE_CODE = YES;
				CLANG_WARN__DUPLICATE_METHOD_MATCH = YES;
				CODE_SIGN_IDENTITY = "-";
				COPY_PHASE_STRIP = NO;
				DEBUG_INFORMATION_FORMAT = "dwarf-with-dsym";
				ENABLE_NS_ASSERTIONS = NO;
				ENABLE_STRICT_OBJC_MSGSEND = YES;
				GCC_C_LANGUAGE_STANDARD = gnu99;
				GCC_NO_COMMON_BLOCKS = YES;
				GCC_WARN_64_TO_32_BIT_CONVERSION = YES;
				GCC_WARN_ABOUT_RETURN_TYPE = YES_ERROR;
				GCC_WARN_UNDECLARED_SELECTOR = YES;
				GCC_WARN_UNINITIALIZED_AUTOS = YES_AGGRESSIVE;
				GCC_WARN_UNUSED_FUNCTION = YES;
				GCC_WARN_UNUSED_VARIABLE = YES;
				MACOSX_DEPLOYMENT_TARGET = 10.12;
				MTL_ENABLE_DEBUG_INFO = NO;
				SDKROOT = macosx;
				SWIFT_OPTIMIZATION_LEVEL = "-Owholemodule";
			};
			name = Release;
		};
		6FAD48181E62A95600ECEB45 /* Debug */ = {
			isa = XCBuildConfiguration;
			buildSettings = {
				ASSETCATALOG_COMPILER_APPICON_NAME = AppIcon;
				COMBINE_HIDPI_IMAGES = YES;
				INFOPLIST_FILE = ArrayController/Info.plist;
				LD_RUNPATH_SEARCH_PATHS = "$(inherited) @executable_path/../Frameworks";
				PRODUCT_BUNDLE_IDENTIFIER = "com.pluto-y.ArrayController";
				PRODUCT_NAME = "$(TARGET_NAME)";
				SWIFT_VERSION = 3.0;
			};
			name = Debug;
		};
		6FAD48191E62A95600ECEB45 /* Release */ = {
			isa = XCBuildConfiguration;
			buildSettings = {
				ASSETCATALOG_COMPILER_APPICON_NAME = AppIcon;
				COMBINE_HIDPI_IMAGES = YES;
				INFOPLIST_FILE = ArrayController/Info.plist;
				LD_RUNPATH_SEARCH_PATHS = "$(inherited) @executable_path/../Frameworks";
				PRODUCT_BUNDLE_IDENTIFIER = "com.pluto-y.ArrayController";
				PRODUCT_NAME = "$(TARGET_NAME)";
				SWIFT_VERSION = 3.0;
			};
			name = Release;
		};
/* End XCBuildConfiguration section */

/* Begin XCConfigurationList section */
		6FAD48011E62A95600ECEB45 /* Build configuration list for PBXProject "ArrayController" */ = {
			isa = XCConfigurationList;
			buildConfigurations = (
				6FAD48151E62A95600ECEB45 /* Debug */,
				6FAD48161E62A95600ECEB45 /* Release */,
			);
			defaultConfigurationIsVisible = 0;
			defaultConfigurationName = Release;
		};
		6FAD48171E62A95600ECEB45 /* Build configuration list for PBXNativeTarget "ArrayController" */ = {
			isa = XCConfigurationList;
			buildConfigurations = (
				6FAD48181E62A95600ECEB45 /* Debug */,
				6FAD48191E62A95600ECEB45 /* Release */,
			);
			defaultConfigurationIsVisible = 0;
		};
/* End XCConfigurationList section */
	};
	rootObject = 6FAD47FE1E62A95600ECEB45 /* Project object */;
}
