// !$*UTF8*$!
{
	archiveVersion = 1;
	classes = {
	};
	objectVersion = 46;
	objects = {

/* Begin PBXBuildFile section */
		6FAD48481E63335C00ECEB45 /* AppDelegate.swift in Sources */ = {isa = PBXBuildFile; fileRef = 6FAD48471E63335C00ECEB45 /* AppDelegate.swift */; };
		6FAD484A1E63335C00ECEB45 /* ViewController.swift in Sources */ = {isa = PBXBuildFile; fileRef = 6FAD48491E63335C00ECEB45 /* ViewController.swift */; };
		6FAD484C1E63335C00ECEB45 /* Assets.xcassets in Resources */ = {isa = PBXBuildFile; fileRef = 6FAD484B1E63335C00ECEB45 /* Assets.xcassets */; };
		6FAD484F1E63335C00ECEB45 /* Main.storyboard in Resources */ = {isa = PBXBuildFile; fileRef = 6FAD484D1E63335C00ECEB45 /* Main.storyboard */; };
		6FAD485B1E633D4700ECEB45 /* PlayList.swift in Sources */ = {isa = PBXBuildFile; fileRef = 6FAD485A1E633D4700ECEB45 /* PlayList.swift */; };
/* End PBXBuildFile section */

/* Begin PBXFileReference section */
		6FAD48441E63335C00ECEB45 /* OutlineView.app */ = {isa = PBXFileReference; explicitFileType = wrapper.application; includeInIndex = 0; path = OutlineView.app; sourceTree = BUILT_PRODUCTS_DIR; };
		6FAD48471E63335C00ECEB45 /* AppDelegate.swift */ = {isa = PBXFileReference; lastKnownFileType = sourcecode.swift; path = AppDelegate.swift; sourceTree = "<group>"; };
		6FAD48491E63335C00ECEB45 /* ViewController.swift */ = {isa = PBXFileReference; lastKnownFileType = sourcecode.swift; path = ViewController.swift; sourceTree = "<group>"; };
		6FAD484B1E63335C00ECEB45 /* Assets.xcassets */ = {isa = PBXFileReference; lastKnownFileType = folder.assetcatalog; path = Assets.xcassets; sourceTree = "<group>"; };
		6FAD484E1E63335C00ECEB45 /* Base */ = {isa = PBXFileReference; lastKnownFileType = file.storyboard; name = Base; path = Base.lproj/Main.storyboard; sourceTree = "<group>"; };
		6FAD48501E63335C00ECEB45 /* Info.plist */ = {isa = PBXFileReference; lastKnownFileType = text.plist.xml; path = Info.plist; sourceTree = "<group>"; };
		6FAD485A1E633D4700ECEB45 /* PlayList.swift */ = {isa = PBXFileReference; fileEncoding = 4; lastKnownFileType = sourcecode.swift; path = PlayList.swift; sourceTree = "<group>"; };
/* End PBXFileReference section */

/* Begin PBXFrameworksBuildPhase section */
		6FAD48411E63335C00ECEB45 /* Frameworks */ = {
			isa = PBXFrameworksBuildPhase;
			buildActionMask = 2147483647;
			files = (
			);
			runOnlyForDeploymentPostprocessing = 0;
		};
/* End PBXFrameworksBuildPhase section */

/* Begin PBXGroup section */
		6FAD483B1E63335C00ECEB45 = {
			isa = PBXGroup;
			children = (
				6FAD48461E63335C00ECEB45 /* OutlineView */,
				6FAD48451E63335C00ECEB45 /* Products */,
			);
			sourceTree = "<group>";
		};
		6FAD48451E63335C00ECEB45 /* Products */ = {
			isa = PBXGroup;
			children = (
				6FAD48441E63335C00ECEB45 /* OutlineView.app */,
			);
			name = Products;
			sourceTree = "<group>";
		};
		6FAD48461E63335C00ECEB45 /* OutlineView */ = {
			isa = PBXGroup;
			children = (
				6FAD48471E63335C00ECEB45 /* AppDelegate.swift */,
				6FAD48491E63335C00ECEB45 /* ViewController.swift */,
				6FAD484B1E63335C00ECEB45 /* Assets.xcassets */,
				6FAD484D1E63335C00ECEB45 /* Main.storyboard */,
				6FAD48501E63335C00ECEB45 /* Info.plist */,
				6FAD485A1E633D4700ECEB45 /* PlayList.swift */,
			);
			path = OutlineView;
			sourceTree = "<group>";
		};
/* End PBXGroup section */

/* Begin PBXNativeTarget section */
		6FAD48431E63335C00ECEB45 /* OutlineView */ = {
			isa = PBXNativeTarget;
			buildConfigurationList = 6FAD48531E63335C00ECEB45 /* Build configuration list for PBXNativeTarget "OutlineView" */;
			buildPhases = (
				6FAD48401E63335C00ECEB45 /* Sources */,
				6FAD48411E63335C00ECEB45 /* Frameworks */,
				6FAD48421E63335C00ECEB45 /* Resources */,
			);
			buildRules = (
			);
			dependencies = (
			);
			name = OutlineView;
			productName = OutlineView;
			productReference = 6FAD48441E63335C00ECEB45 /* OutlineView.app */;
			productType = "com.apple.product-type.application";
		};
/* End PBXNativeTarget section */

/* Begin PBXProject section */
		6FAD483C1E63335C00ECEB45 /* Project object */ = {
			isa = PBXProject;
			attributes = {
				LastSwiftUpdateCheck = 0820;
				LastUpgradeCheck = 0820;
				ORGANIZATIONNAME = "com.pluto-y";
				TargetAttributes = {
					6FAD48431E63335C00ECEB45 = {
						CreatedOnToolsVersion = 8.2.1;
						ProvisioningStyle = Automatic;
					};
				};
			};
			buildConfigurationList = 6FAD483F1E63335C00ECEB45 /* Build configuration list for PBXProject "OutlineView" */;
			compatibilityVersion = "Xcode 3.2";
			developmentRegion = English;
			hasScannedForEncodings = 0;
			knownRegions = (
				en,
				Base,
			);
			mainGroup = 6FAD483B1E63335C00ECEB45;
			productRefGroup = 6FAD48451E63335C00ECEB45 /* Products */;
			projectDirPath = "";
			projectRoot = "";
			targets = (
				6FAD48431E63335C00ECEB45 /* OutlineView */,
			);
		};
/* End PBXProject section */

/* Begin PBXResourcesBuildPhase section */
		6FAD48421E63335C00ECEB45 /* Resources */ = {
			isa = PBXResourcesBuildPhase;
			buildActionMask = 2147483647;
			files = (
				6FAD484C1E63335C00ECEB45 /* Assets.xcassets in Resources */,
				6FAD484F1E63335C00ECEB45 /* Main.storyboard in Resources */,
			);
			runOnlyForDeploymentPostprocessing = 0;
		};
/* End PBXResourcesBuildPhase section */

/* Begin PBXSourcesBuildPhase section */
		6FAD48401E63335C00ECEB45 /* Sources */ = {
			isa = PBXSourcesBuildPhase;
			buildActionMask = 2147483647;
			files = (
				6FAD485B1E633D4700ECEB45 /* PlayList.swift in Sources */,
				6FAD484A1E63335C00ECEB45 /* ViewController.swift in Sources */,
				6FAD48481E63335C00ECEB45 /* AppDelegate.swift in Sources */,
			);
			runOnlyForDeploymentPostprocessing = 0;
		};
/* End PBXSourcesBuildPhase section */

/* Begin PBXVariantGroup section */
		6FAD484D1E63335C00ECEB45 /* Main.storyboard */ = {
			isa = PBXVariantGroup;
			children = (
				6FAD484E1E63335C00ECEB45 /* Base */,
			);
			name = Main.storyboard;
			sourceTree = "<group>";
		};
/* End PBXVariantGroup section */

/* Begin XCBuildConfiguration section */
		6FAD48511E63335C00ECEB45 /* Debug */ = {
			isa = XCBuildConfiguration;
			buildSettings = {
				ALWAYS_SEARCH_USER_PATHS = NO;
				CLANG_ANALYZER_NONNULL = YES;
				CLANG_CXX_LANGUAGE_STANDARD = "gnu++0x";
				CLANG_CXX_LIBRARY = "libc++";
				CLANG_ENABLE_MODULES = YES;
				CLANG_ENABLE_OBJC_ARC = YES;
				CLANG_WARN_BOOL_CONVERSION = YES;
				CLANG_WARN_CONSTANT_CONVERSION = YES;
				CLANG_WARN_DIRECT_OBJC_ISA_USAGE = YES_ERROR;
				CLANG_WARN_DOCUMENTATION_COMMENTS = YES;
				CLANG_WARN_EMPTY_BODY = YES;
				CLANG_WARN_ENUM_CONVERSION = YES;
				CLANG_WARN_INFINITE_RECURSION = YES;
				CLANG_WARN_INT_CONVERSION = YES;
				CLANG_WARN_OBJC_ROOT_CLASS = YES_ERROR;
				CLANG_WARN_SUSPICIOUS_MOVE = YES;
				CLANG_WARN_UNREACHABLE_CODE = YES;
				CLANG_WARN__DUPLICATE_METHOD_MATCH = YES;
				CODE_SIGN_IDENTITY = "-";
				COPY_PHASE_STRIP = NO;
				DEBUG_INFORMATION_FORMAT = dwarf;
				ENABLE_STRICT_OBJC_MSGSEND = YES;
				ENABLE_TESTABILITY = YES;
				GCC_C_LANGUAGE_STANDARD = gnu99;
				GCC_DYNAMIC_NO_PIC = NO;
				GCC_NO_COMMON_BLOCKS = YES;
				GCC_OPTIMIZATION_LEVEL = 0;
				GCC_PREPROCESSOR_DEFINITIONS = (
					"DEBUG=1",
					"$(inherited)",
				);
				GCC_WARN_64_TO_32_BIT_CONVERSION = YES;
				GCC_WARN_ABOUT_RETURN_TYPE = YES_ERROR;
				GCC_WARN_UNDECLARED_SELECTOR = YES;
				GCC_WARN_UNINITIALIZED_AUTOS = YES_AGGRESSIVE;
				GCC_WARN_UNUSED_FUNCTION = YES;
				GCC_WARN_UNUSED_VARIABLE = YES;
				MACOSX_DEPLOYMENT_TARGET = 10.12;
				MTL_ENABLE_DEBUG_INFO = YES;
				ONLY_ACTIVE_ARCH = YES;
				SDKROOT = macosx;
				SWIFT_ACTIVE_COMPILATION_CONDITIONS = DEBUG;
				SWIFT_OPTIMIZATION_LEVEL = "-Onone";
			};
			name = Debug;
		};
		6FAD48521E63335C00ECEB45 /* Release */ = {
			isa = XCBuildConfiguration;
			buildSettings = {
				ALWAYS_SEARCH_USER_PATHS = NO;
				CLANG_ANALYZER_NONNULL = YES;
				CLANG_CXX_LANGUAGE_STANDARD = "gnu++0x";
				CLANG_CXX_LIBRARY = "libc++";
				CLANG_ENABLE_MODULES = YES;
				CLANG_ENABLE_OBJC_ARC = YES;
				CLANG_WARN_BOOL_CONVERSION = YES;
				CLANG_WARN_CONSTANT_CONVERSION = YES;
				CLANG_WARN_DIRECT_OBJC_ISA_USAGE = YES_ERROR;
				CLANG_WARN_DOCUMENTATION_COMMENTS = YES;
				CLANG_WARN_EMPTY_BODY = YES;
				CLANG_WARN_ENUM_CONVERSION = YES;
				CLANG_WARN_INFINITE_RECURSION = YES;
				CLANG_WARN_INT_CONVERSION = YES;
				CLANG_WARN_OBJC_ROOT_CLASS = YES_ERROR;
				CLANG_WARN_SUSPICIOUS_MOVE = YES;
				CLANG_WARN_UNREACHABLE_CODE = YES;
				CLANG_WARN__DUPLICATE_METHOD_MATCH = YES;
				CODE_SIGN_IDENTITY = "-";
				COPY_PHASE_STRIP = NO;
				DEBUG_INFORMATION_FORMAT = "dwarf-with-dsym";
				ENABLE_NS_ASSERTIONS = NO;
				ENABLE_STRICT_OBJC_MSGSEND = YES;
				GCC_C_LANGUAGE_STANDARD = gnu99;
				GCC_NO_COMMON_BLOCKS = YES;
				GCC_WARN_64_TO_32_BIT_CONVERSION = YES;
				GCC_WARN_ABOUT_RETURN_TYPE = YES_ERROR;
				GCC_WARN_UNDECLARED_SELECTOR = YES;
				GCC_WARN_UNINITIALIZED_AUTOS = YES_AGGRESSIVE;
				GCC_WARN_UNUSED_FUNCTION = YES;
				GCC_WARN_UNUSED_VARIABLE = YES;
				MACOSX_DEPLOYMENT_TARGET = 10.12;
				MTL_ENABLE_DEBUG_INFO = NO;
				SDKROOT = macosx;
				SWIFT_OPTIMIZATION_LEVEL = "-Owholemodule";
			};
			name = Release;
		};
		6FAD48541E63335C00ECEB45 /* Debug */ = {
			isa = XCBuildConfiguration;
			buildSettings = {
				ASSETCATALOG_COMPILER_APPICON_NAME = AppIcon;
				COMBINE_HIDPI_IMAGES = YES;
				INFOPLIST_FILE = OutlineView/Info.plist;
				LD_RUNPATH_SEARCH_PATHS = "$(inherited) @executable_path/../Frameworks";
				PRODUCT_BUNDLE_IDENTIFIER = "com.pluto-y.OutlineView";
				PRODUCT_NAME = "$(TARGET_NAME)";
				SWIFT_VERSION = 3.0;
			};
			name = Debug;
		};
		6FAD48551E63335C00ECEB45 /* Release */ = {
			isa = XCBuildConfiguration;
			buildSettings = {
				ASSETCATALOG_COMPILER_APPICON_NAME = AppIcon;
				COMBINE_HIDPI_IMAGES = YES;
				INFOPLIST_FILE = OutlineView/Info.plist;
				LD_RUNPATH_SEARCH_PATHS = "$(inherited) @executable_path/../Frameworks";
				PRODUCT_BUNDLE_IDENTIFIER = "com.pluto-y.OutlineView";
				PRODUCT_NAME = "$(TARGET_NAME)";
				SWIFT_VERSION = 3.0;
			};
			name = Release;
		};
/* End XCBuildConfiguration section */

/* Begin XCConfigurationList section */
		6FAD483F1E63335C00ECEB45 /* Build configuration list for PBXProject "OutlineView" */ = {
			isa = XCConfigurationList;
			buildConfigurations = (
				6FAD48511E63335C00ECEB45 /* Debug */,
				6FAD48521E63335C00ECEB45 /* Release */,
			);
			defaultConfigurationIsVisible = 0;
			defaultConfigurationName = Release;
		};
		6FAD48531E63335C00ECEB45 /* Build configuration list for PBXNativeTarget "OutlineView" */ = {
			isa = XCConfigurationList;
			buildConfigurations = (
				6FAD48541E63335C00ECEB45 /* Debug */,
				6FAD48551E63335C00ECEB45 /* Release */,
			);
			defaultConfigurationIsVisible = 0;
		};
/* End XCConfigurationList section */
	};
	rootObject = 6FAD483C1E63335C00ECEB45 /* Project object */;
}
